
Microsoft Visual Studio Solution File, Format Version 12.00
# Visual Studio Version 16
VisualStudioVersion = 16.0.29728.190
MinimumVisualStudioVersion = 10.0.40219.1
Project("{9A19103F-16F7-4668-BE54-9A1E7A4F7556}") = "VSharp", "VSharp.csproj", "{262AD5AB-B171-4538-831D-637F0D7DAEAE}"
EndProject
Project("{FAE04EC0-301F-11D3-BF4B-00C04F79EFBC}") = "VSharp.Test", "..\VSharp.Test\VSharp.Test.csproj", "{AE742989-A4C0-4AC5-B468-12EC84F0D79A}"
EndProject
Global
	GlobalSection(SolutionConfigurationPlatforms) = preSolution
		Debug|Any CPU = Debug|Any CPU
		Release|Any CPU = Release|Any CPU
	EndGlobalSection
	GlobalSection(ProjectConfigurationPlatforms) = postSolution
		{262AD5AB-B171-4538-831D-637F0D7DAEAE}.Debug|Any CPU.ActiveCfg = Debug|Any CPU
		{262AD5AB-B171-4538-831D-637F0D7DAEAE}.Debug|Any CPU.Build.0 = Debug|Any CPU
		{262AD5AB-B171-4538-831D-637F0D7DAEAE}.Release|Any CPU.ActiveCfg = Release|Any CPU
		{262AD5AB-B171-4538-831D-637F0D7DAEAE}.Release|Any CPU.Build.0 = Release|Any CPU
		{AE742989-A4C0-4AC5-B468-12EC84F0D79A}.Debug|Any CPU.ActiveCfg = Debug|Any CPU
		{AE742989-A4C0-4AC5-B468-12EC84F0D79A}.Debug|Any CPU.Build.0 = Debug|Any CPU
		{AE742989-A4C0-4AC5-B468-12EC84F0D79A}.Release|Any CPU.ActiveCfg = Release|Any CPU
		{AE742989-A4C0-4AC5-B468-12EC84F0D79A}.Release|Any CPU.Build.0 = Release|Any CPU
	EndGlobalSection
	GlobalSection(SolutionProperties) = preSolution
		HideSolutionNode = FALSE
	EndGlobalSection
	GlobalSection(ExtensibilityGlobals) = postSolution
		SolutionGuid = {EE3ADC12-B811-4625-9D7E-065D2974B7A6}
	EndGlobalSection
EndGlobal
